
Microsoft Visual Studio Solution File, Format Version 12.00
# Visual Studio 15
VisualStudioVersion = 15.0.28307.645
MinimumVisualStudioVersion = 10.0.40219.1
Project("{2150E333-8FDC-42A3-9474-1A3956D46DE8}") = "Common", "Common", "{FE2BB4C0-AF58-4A2F-9E5E-000272783FBC}"
EndProject
Project("{2150E333-8FDC-42A3-9474-1A3956D46DE8}") = "Supervisor", "Supervisor", "{AE043799-7F2E-4DA1-BBE4-6C0D399B9D67}"
EndProject
Project("{2150E333-8FDC-42A3-9474-1A3956D46DE8}") = "Vtm", "Vtm", "{81482A14-B186-4D5A-8218-9E9F8CE0571B}"
EndProject
Project("{FAE04EC0-301F-11D3-BF4B-00C04F79EFBC}") = "Omnia.Pie.Vtm.Devices", "Omnia.Pie.Vtm.Devices\Omnia.Pie.Vtm.Devices.csproj", "{000CF3F2-33B0-4563-AAD9-41A27C7353D1}"
EndProject
Project("{FAE04EC0-301F-11D3-BF4B-00C04F79EFBC}") = "Omnia.Pie.Vtm.Devices.Interface", "Omnia.Pie.Vtm.Devices.Interface\Omnia.Pie.Vtm.Devices.Interface.csproj", "{81C8EC3B-B030-4A57-BB0F-0F52F099A3CA}"
EndProject
Project("{FAE04EC0-301F-11D3-BF4B-00C04F79EFBC}") = "Omnia.Pie.Vtm.Services", "Omnia.Pie.Vtm.Services\Omnia.Pie.Vtm.Services.csproj", "{87C5641C-4830-44E9-890B-5D9F79E0F304}"
EndProject
Project("{FAE04EC0-301F-11D3-BF4B-00C04F79EFBC}") = "Omnia.Pie.Vtm.Services.Interface", "Omnia.Pie.Vtm.Services.Interface\Omnia.Pie.Vtm.Services.Interface.csproj", "{A5802672-F8CB-490F-8566-02BFB616A0A3}"
EndProject
Project("{FAE04EC0-301F-11D3-BF4B-00C04F79EFBC}") = "Omnia.Pie.Vtm.Communication", "Omnia.Pie.Vtm.Communication\Omnia.Pie.Vtm.Communication.csproj", "{CD54B361-F8A1-414B-89AA-43C89D3DC7CA}"
EndProject
Project("{FAE04EC0-301F-11D3-BF4B-00C04F79EFBC}") = "Omnia.Pie.Vtm.Communication.Interface", "Omnia.Pie.Vtm.Communication.Interface\Omnia.Pie.Vtm.Communication.Interface.csproj", "{8E9FB737-CA04-4821-BC89-AE4FCBCA3E2F}"
EndProject
Project("{FAE04EC0-301F-11D3-BF4B-00C04F79EFBC}") = "Omnia.Pie.Vtm.Framework", "Omnia.Pie.Vtm.Framework\Omnia.Pie.Vtm.Framework.csproj", "{8DA717D8-8D26-4A89-954B-D7489FA73565}"
EndProject
Project("{FAE04EC0-301F-11D3-BF4B-00C04F79EFBC}") = "Omnia.Pie.Vtm.Framework.Interface", "Omnia.Pie.Vtm.Framework.Interface\Omnia.Pie.Vtm.Framework.Interface.csproj", "{2F83688E-BF17-4E7A-9EE2-222F6136FBBC}"
EndProject
Project("{FAE04EC0-301F-11D3-BF4B-00C04F79EFBC}") = "ESpaceCommunication.Test", "ESpaceCommunication.Test\ESpaceCommunication.Test.csproj", "{C65C12F1-105B-4A63-86E2-2B1A760C7726}"
EndProject
Project("{FAE04EC0-301F-11D3-BF4B-00C04F79EFBC}") = "Omnia.Pie.Vtm.Bootstrapper.Interface", "Omnia.Pie.Vtm.Bootstrapper.Interface\Omnia.Pie.Vtm.Bootstrapper.Interface.csproj", "{05EF90B7-8B67-48B6-9FD8-E3BB39296807}"
EndProject
Project("{FAE04EC0-301F-11D3-BF4B-00C04F79EFBC}") = "Omnia.Pie.Vtm.Workflow", "Omnia.Pie.Vtm.Workflow\Omnia.Pie.Vtm.Workflow.csproj", "{C47DC6B7-9B1D-4479-9509-CC75C4D8E366}"
EndProject
Project("{FAE04EC0-301F-11D3-BF4B-00C04F79EFBC}") = "Omnia.Pie.Vtm.DataAccess.Interface", "Omnia.Pie.Vtm.DataAccess.Interface\Omnia.Pie.Vtm.DataAccess.Interface.csproj", "{F5E2CA67-7440-44CD-BCAF-8F4068699663}"
EndProject
Project("{FAE04EC0-301F-11D3-BF4B-00C04F79EFBC}") = "Omnia.Pie.Vtm.DataAccess", "Omnia.Pie.Vtm.DataAccess\Omnia.Pie.Vtm.DataAccess.csproj", "{82788099-841A-4A82-8800-3F0D15326BCA}"
EndProject
Project("{FAE04EC0-301F-11D3-BF4B-00C04F79EFBC}") = "Omnia.Pie.Client.Journal", "Omnia.Pie.Client.Journal\Omnia.Pie.Client.Journal.csproj", "{FF7F2721-761F-4D37-8E82-E434168DE720}"
EndProject
Project("{2150E333-8FDC-42A3-9474-1A3956D46DE8}") = "VtmAgent", "VtmAgent", "{0070FBF7-B002-4D92-9691-36140CEBADF9}"
EndProject
Project("{FAE04EC0-301F-11D3-BF4B-00C04F79EFBC}") = "Omnia.Pie.Supervisor.UI.Themes", "Omnia.Pie.Supervisor.UI.Themes\Omnia.Pie.Supervisor.UI.Themes.csproj", "{B6D2823A-5D87-44C4-9D13-8A83F2E5AD48}"
EndProject
Project("{FAE04EC0-301F-11D3-BF4B-00C04F79EFBC}") = "Omnia.Pie.Supervisor.Shell", "Omnia.Pie.Supervisor.Shell\Omnia.Pie.Supervisor.Shell.csproj", "{C4E05B84-023E-4957-AFCC-136038784894}"
EndProject
Project("{2150E333-8FDC-42A3-9474-1A3956D46DE8}") = "Tests", "Tests", "{C8FFE55D-70CF-43EB-B883-0392B897D9AF}"
EndProject
Project("{FAE04EC0-301F-11D3-BF4B-00C04F79EFBC}") = "Omnia.Pie.Vtm.Receipts.Console", "Omnia.Pie.Vtm.Receipts.Console\Omnia.Pie.Vtm.Receipts.Console.csproj", "{6522DDB9-1A12-4EC6-A2EC-6959FAC5B1D3}"
EndProject
Project("{FAE04EC0-301F-11D3-BF4B-00C04F79EFBC}") = "Omnia.Pie.Vtm.Services.Test", "Omnia.Pie.Vtm.Services.Test\Omnia.Pie.Vtm.Services.Test.csproj", "{08FA268F-8AFF-4502-B975-E961AF57FC66}"
EndProject
Project("{FAE04EC0-301F-11D3-BF4B-00C04F79EFBC}") = "Omnia.Pie.Client.Journal.Interface", "Omnia.Pie.Client.Journal.Interface\Omnia.Pie.Client.Journal.Interface.csproj", "{A1099D06-6C3F-4EB8-8097-709B178E6B32}"
EndProject
Project("{FAE04EC0-301F-11D3-BF4B-00C04F79EFBC}") = "Omnia.Pie.Vtm.ServicesNdc", "Omnia.Pie.Vtm.ServicesNDC\Omnia.Pie.Vtm.ServicesNdc.csproj", "{0068E8CD-518F-4EF2-90A0-04AD40E80D53}"
EndProject
Project("{FAE04EC0-301F-11D3-BF4B-00C04F79EFBC}") = "Omnia.Pie.Vtm.ServicesNdc.Interface", "Omnia.Pie.Vtm.ServicesNDC.Interface\Omnia.Pie.Vtm.ServicesNdc.Interface.csproj", "{0827CC3B-9117-4CF4-8700-60662B1A3874}"
EndProject
Project("{FAE04EC0-301F-11D3-BF4B-00C04F79EFBC}") = "Omnia.Pie.Vtm.Services.Ndc.Test", "Omnia.Pie.Vtm.Services.Ndc.Test\Omnia.Pie.Vtm.Services.Ndc.Test.csproj", "{EC36D345-D48C-4C32-A29E-89D330683AD2}"
EndProject
Project("{FAE04EC0-301F-11D3-BF4B-00C04F79EFBC}") = "Omnia.Pie.Vtm.Ndc.Server.Test", "Omnia.Pie.Vtm.Ndc.Server.Test\Omnia.Pie.Vtm.Ndc.Server.Test.csproj", "{56F5C281-CEF2-4066-9E48-BC6FDFC001AF}"
EndProject
Project("{FAE04EC0-301F-11D3-BF4B-00C04F79EFBC}") = "Omnia.Pie.Vtm.Devices.Test", "Omnia.Pie.Vtm.Devices.Test\Omnia.Pie.Vtm.Devices.Test.csproj", "{A5ABAC91-9AAB-4A87-BB25-46761C4CE1ED}"
EndProject
Project("{2150E333-8FDC-42A3-9474-1A3956D46DE8}") = "Bdm", "Bdm", "{E7755362-B92C-440F-BB54-192B11B6CCA3}"
EndProject
Project("{FAE04EC0-301F-11D3-BF4B-00C04F79EFBC}") = "Omnia.Pie.Bdm.Bootstrapper", "Omnia.Pie.Bdm.Bootstrapper\Omnia.Pie.Bdm.Bootstrapper.csproj", "{AE291BE8-07CB-4830-82D4-83DEED0CC208}"
EndProject
Global
	GlobalSection(SolutionConfigurationPlatforms) = preSolution
		Debug.QA|Any CPU = Debug.QA|Any CPU
		Debug.SIT|Any CPU = Debug.SIT|Any CPU
		Debug.UAT|Any CPU = Debug.UAT|Any CPU
		Debug|Any CPU = Debug|Any CPU
		Release|Any CPU = Release|Any CPU
	EndGlobalSection
	GlobalSection(ProjectConfigurationPlatforms) = postSolution
		{000CF3F2-33B0-4563-AAD9-41A27C7353D1}.Debug.QA|Any CPU.ActiveCfg = Debug|Any CPU
		{000CF3F2-33B0-4563-AAD9-41A27C7353D1}.Debug.QA|Any CPU.Build.0 = Debug|Any CPU
		{000CF3F2-33B0-4563-AAD9-41A27C7353D1}.Debug.SIT|Any CPU.ActiveCfg = Debug|Any CPU
		{000CF3F2-33B0-4563-AAD9-41A27C7353D1}.Debug.SIT|Any CPU.Build.0 = Debug|Any CPU
		{000CF3F2-33B0-4563-AAD9-41A27C7353D1}.Debug.UAT|Any CPU.ActiveCfg = Debug|Any CPU
		{000CF3F2-33B0-4563-AAD9-41A27C7353D1}.Debug.UAT|Any CPU.Build.0 = Debug|Any CPU
		{000CF3F2-33B0-4563-AAD9-41A27C7353D1}.Debug|Any CPU.ActiveCfg = Debug|Any CPU
		{000CF3F2-33B0-4563-AAD9-41A27C7353D1}.Debug|Any CPU.Build.0 = Debug|Any CPU
		{000CF3F2-33B0-4563-AAD9-41A27C7353D1}.Release|Any CPU.ActiveCfg = Release|Any CPU
		{000CF3F2-33B0-4563-AAD9-41A27C7353D1}.Release|Any CPU.Build.0 = Release|Any CPU
		{81C8EC3B-B030-4A57-BB0F-0F52F099A3CA}.Debug.QA|Any CPU.ActiveCfg = Debug|Any CPU
		{81C8EC3B-B030-4A57-BB0F-0F52F099A3CA}.Debug.QA|Any CPU.Build.0 = Debug|Any CPU
		{81C8EC3B-B030-4A57-BB0F-0F52F099A3CA}.Debug.SIT|Any CPU.ActiveCfg = Debug|Any CPU
		{81C8EC3B-B030-4A57-BB0F-0F52F099A3CA}.Debug.SIT|Any CPU.Build.0 = Debug|Any CPU
		{81C8EC3B-B030-4A57-BB0F-0F52F099A3CA}.Debug.UAT|Any CPU.ActiveCfg = Debug|Any CPU
		{81C8EC3B-B030-4A57-BB0F-0F52F099A3CA}.Debug.UAT|Any CPU.Build.0 = Debug|Any CPU
		{81C8EC3B-B030-4A57-BB0F-0F52F099A3CA}.Debug|Any CPU.ActiveCfg = Debug|Any CPU
		{81C8EC3B-B030-4A57-BB0F-0F52F099A3CA}.Debug|Any CPU.Build.0 = Debug|Any CPU
		{81C8EC3B-B030-4A57-BB0F-0F52F099A3CA}.Release|Any CPU.ActiveCfg = Release|Any CPU
		{81C8EC3B-B030-4A57-BB0F-0F52F099A3CA}.Release|Any CPU.Build.0 = Release|Any CPU
		{87C5641C-4830-44E9-890B-5D9F79E0F304}.Debug.QA|Any CPU.ActiveCfg = Debug|Any CPU
		{87C5641C-4830-44E9-890B-5D9F79E0F304}.Debug.QA|Any CPU.Build.0 = Debug|Any CPU
		{87C5641C-4830-44E9-890B-5D9F79E0F304}.Debug.SIT|Any CPU.ActiveCfg = Debug|Any CPU
		{87C5641C-4830-44E9-890B-5D9F79E0F304}.Debug.SIT|Any CPU.Build.0 = Debug|Any CPU
		{87C5641C-4830-44E9-890B-5D9F79E0F304}.Debug.UAT|Any CPU.ActiveCfg = Debug|Any CPU
		{87C5641C-4830-44E9-890B-5D9F79E0F304}.Debug.UAT|Any CPU.Build.0 = Debug|Any CPU
		{87C5641C-4830-44E9-890B-5D9F79E0F304}.Debug|Any CPU.ActiveCfg = Debug|Any CPU
		{87C5641C-4830-44E9-890B-5D9F79E0F304}.Debug|Any CPU.Build.0 = Debug|Any CPU
		{87C5641C-4830-44E9-890B-5D9F79E0F304}.Release|Any CPU.ActiveCfg = Release|Any CPU
		{87C5641C-4830-44E9-890B-5D9F79E0F304}.Release|Any CPU.Build.0 = Release|Any CPU
		{A5802672-F8CB-490F-8566-02BFB616A0A3}.Debug.QA|Any CPU.ActiveCfg = Debug|Any CPU
		{A5802672-F8CB-490F-8566-02BFB616A0A3}.Debug.QA|Any CPU.Build.0 = Debug|Any CPU
		{A5802672-F8CB-490F-8566-02BFB616A0A3}.Debug.SIT|Any CPU.ActiveCfg = Debug|Any CPU
		{A5802672-F8CB-490F-8566-02BFB616A0A3}.Debug.SIT|Any CPU.Build.0 = Debug|Any CPU
		{A5802672-F8CB-490F-8566-02BFB616A0A3}.Debug.UAT|Any CPU.ActiveCfg = Debug|Any CPU
		{A5802672-F8CB-490F-8566-02BFB616A0A3}.Debug.UAT|Any CPU.Build.0 = Debug|Any CPU
		{A5802672-F8CB-490F-8566-02BFB616A0A3}.Debug|Any CPU.ActiveCfg = Debug|Any CPU
		{A5802672-F8CB-490F-8566-02BFB616A0A3}.Debug|Any CPU.Build.0 = Debug|Any CPU
		{A5802672-F8CB-490F-8566-02BFB616A0A3}.Release|Any CPU.ActiveCfg = Release|Any CPU
		{A5802672-F8CB-490F-8566-02BFB616A0A3}.Release|Any CPU.Build.0 = Release|Any CPU
		{CD54B361-F8A1-414B-89AA-43C89D3DC7CA}.Debug.QA|Any CPU.ActiveCfg = Debug|Any CPU
		{CD54B361-F8A1-414B-89AA-43C89D3DC7CA}.Debug.QA|Any CPU.Build.0 = Debug|Any CPU
		{CD54B361-F8A1-414B-89AA-43C89D3DC7CA}.Debug.SIT|Any CPU.ActiveCfg = Debug|Any CPU
		{CD54B361-F8A1-414B-89AA-43C89D3DC7CA}.Debug.SIT|Any CPU.Build.0 = Debug|Any CPU
		{CD54B361-F8A1-414B-89AA-43C89D3DC7CA}.Debug.UAT|Any CPU.ActiveCfg = Debug|Any CPU
		{CD54B361-F8A1-414B-89AA-43C89D3DC7CA}.Debug.UAT|Any CPU.Build.0 = Debug|Any CPU
		{CD54B361-F8A1-414B-89AA-43C89D3DC7CA}.Debug|Any CPU.ActiveCfg = Debug|Any CPU
		{CD54B361-F8A1-414B-89AA-43C89D3DC7CA}.Debug|Any CPU.Build.0 = Debug|Any CPU
		{CD54B361-F8A1-414B-89AA-43C89D3DC7CA}.Release|Any CPU.ActiveCfg = Release|Any CPU
		{CD54B361-F8A1-414B-89AA-43C89D3DC7CA}.Release|Any CPU.Build.0 = Release|Any CPU
		{8E9FB737-CA04-4821-BC89-AE4FCBCA3E2F}.Debug.QA|Any CPU.ActiveCfg = Debug|Any CPU
		{8E9FB737-CA04-4821-BC89-AE4FCBCA3E2F}.Debug.QA|Any CPU.Build.0 = Debug|Any CPU
		{8E9FB737-CA04-4821-BC89-AE4FCBCA3E2F}.Debug.SIT|Any CPU.ActiveCfg = Debug|Any CPU
		{8E9FB737-CA04-4821-BC89-AE4FCBCA3E2F}.Debug.SIT|Any CPU.Build.0 = Debug|Any CPU
		{8E9FB737-CA04-4821-BC89-AE4FCBCA3E2F}.Debug.UAT|Any CPU.ActiveCfg = Debug|Any CPU
		{8E9FB737-CA04-4821-BC89-AE4FCBCA3E2F}.Debug.UAT|Any CPU.Build.0 = Debug|Any CPU
		{8E9FB737-CA04-4821-BC89-AE4FCBCA3E2F}.Debug|Any CPU.ActiveCfg = Debug|Any CPU
		{8E9FB737-CA04-4821-BC89-AE4FCBCA3E2F}.Debug|Any CPU.Build.0 = Debug|Any CPU
		{8E9FB737-CA04-4821-BC89-AE4FCBCA3E2F}.Release|Any CPU.ActiveCfg = Release|Any CPU
		{8E9FB737-CA04-4821-BC89-AE4FCBCA3E2F}.Release|Any CPU.Build.0 = Release|Any CPU
		{8DA717D8-8D26-4A89-954B-D7489FA73565}.Debug.QA|Any CPU.ActiveCfg = Debug|Any CPU
		{8DA717D8-8D26-4A89-954B-D7489FA73565}.Debug.QA|Any CPU.Build.0 = Debug|Any CPU
		{8DA717D8-8D26-4A89-954B-D7489FA73565}.Debug.SIT|Any CPU.ActiveCfg = Debug|Any CPU
		{8DA717D8-8D26-4A89-954B-D7489FA73565}.Debug.SIT|Any CPU.Build.0 = Debug|Any CPU
		{8DA717D8-8D26-4A89-954B-D7489FA73565}.Debug.UAT|Any CPU.ActiveCfg = Debug|Any CPU
		{8DA717D8-8D26-4A89-954B-D7489FA73565}.Debug.UAT|Any CPU.Build.0 = Debug|Any CPU
		{8DA717D8-8D26-4A89-954B-D7489FA73565}.Debug|Any CPU.ActiveCfg = Debug|Any CPU
		{8DA717D8-8D26-4A89-954B-D7489FA73565}.Debug|Any CPU.Build.0 = Debug|Any CPU
		{8DA717D8-8D26-4A89-954B-D7489FA73565}.Release|Any CPU.ActiveCfg = Release|Any CPU
		{8DA717D8-8D26-4A89-954B-D7489FA73565}.Release|Any CPU.Build.0 = Release|Any CPU
		{2F83688E-BF17-4E7A-9EE2-222F6136FBBC}.Debug.QA|Any CPU.ActiveCfg = Debug|Any CPU
		{2F83688E-BF17-4E7A-9EE2-222F6136FBBC}.Debug.QA|Any CPU.Build.0 = Debug|Any CPU
		{2F83688E-BF17-4E7A-9EE2-222F6136FBBC}.Debug.SIT|Any CPU.ActiveCfg = Debug|Any CPU
		{2F83688E-BF17-4E7A-9EE2-222F6136FBBC}.Debug.SIT|Any CPU.Build.0 = Debug|Any CPU
		{2F83688E-BF17-4E7A-9EE2-222F6136FBBC}.Debug.UAT|Any CPU.ActiveCfg = Debug|Any CPU
		{2F83688E-BF17-4E7A-9EE2-222F6136FBBC}.Debug.UAT|Any CPU.Build.0 = Debug|Any CPU
		{2F83688E-BF17-4E7A-9EE2-222F6136FBBC}.Debug|Any CPU.ActiveCfg = Debug|Any CPU
		{2F83688E-BF17-4E7A-9EE2-222F6136FBBC}.Debug|Any CPU.Build.0 = Debug|Any CPU
		{2F83688E-BF17-4E7A-9EE2-222F6136FBBC}.Release|Any CPU.ActiveCfg = Release|Any CPU
		{2F83688E-BF17-4E7A-9EE2-222F6136FBBC}.Release|Any CPU.Build.0 = Release|Any CPU
		{C65C12F1-105B-4A63-86E2-2B1A760C7726}.Debug.QA|Any CPU.ActiveCfg = Debug|Any CPU
		{C65C12F1-105B-4A63-86E2-2B1A760C7726}.Debug.QA|Any CPU.Build.0 = Debug|Any CPU
		{C65C12F1-105B-4A63-86E2-2B1A760C7726}.Debug.SIT|Any CPU.ActiveCfg = Debug|Any CPU
		{C65C12F1-105B-4A63-86E2-2B1A760C7726}.Debug.SIT|Any CPU.Build.0 = Debug|Any CPU
		{C65C12F1-105B-4A63-86E2-2B1A760C7726}.Debug.UAT|Any CPU.ActiveCfg = Debug|Any CPU
		{C65C12F1-105B-4A63-86E2-2B1A760C7726}.Debug.UAT|Any CPU.Build.0 = Debug|Any CPU
		{C65C12F1-105B-4A63-86E2-2B1A760C7726}.Debug|Any CPU.ActiveCfg = Debug|Any CPU
		{C65C12F1-105B-4A63-86E2-2B1A760C7726}.Debug|Any CPU.Build.0 = Debug|Any CPU
		{C65C12F1-105B-4A63-86E2-2B1A760C7726}.Release|Any CPU.ActiveCfg = Release|Any CPU
		{C65C12F1-105B-4A63-86E2-2B1A760C7726}.Release|Any CPU.Build.0 = Release|Any CPU
		{05EF90B7-8B67-48B6-9FD8-E3BB39296807}.Debug.QA|Any CPU.ActiveCfg = Debug|Any CPU
		{05EF90B7-8B67-48B6-9FD8-E3BB39296807}.Debug.QA|Any CPU.Build.0 = Debug|Any CPU
		{05EF90B7-8B67-48B6-9FD8-E3BB39296807}.Debug.SIT|Any CPU.ActiveCfg = Debug|Any CPU
		{05EF90B7-8B67-48B6-9FD8-E3BB39296807}.Debug.SIT|Any CPU.Build.0 = Debug|Any CPU
		{05EF90B7-8B67-48B6-9FD8-E3BB39296807}.Debug.UAT|Any CPU.ActiveCfg = Debug|Any CPU
		{05EF90B7-8B67-48B6-9FD8-E3BB39296807}.Debug.UAT|Any CPU.Build.0 = Debug|Any CPU
		{05EF90B7-8B67-48B6-9FD8-E3BB39296807}.Debug|Any CPU.ActiveCfg = Debug|Any CPU
		{05EF90B7-8B67-48B6-9FD8-E3BB39296807}.Debug|Any CPU.Build.0 = Debug|Any CPU
		{05EF90B7-8B67-48B6-9FD8-E3BB39296807}.Release|Any CPU.ActiveCfg = Release|Any CPU
		{05EF90B7-8B67-48B6-9FD8-E3BB39296807}.Release|Any CPU.Build.0 = Release|Any CPU
		{C47DC6B7-9B1D-4479-9509-CC75C4D8E366}.Debug.QA|Any CPU.ActiveCfg = Debug|Any CPU
		{C47DC6B7-9B1D-4479-9509-CC75C4D8E366}.Debug.QA|Any CPU.Build.0 = Debug|Any CPU
		{C47DC6B7-9B1D-4479-9509-CC75C4D8E366}.Debug.SIT|Any CPU.ActiveCfg = Debug|Any CPU
		{C47DC6B7-9B1D-4479-9509-CC75C4D8E366}.Debug.SIT|Any CPU.Build.0 = Debug|Any CPU
		{C47DC6B7-9B1D-4479-9509-CC75C4D8E366}.Debug.UAT|Any CPU.ActiveCfg = Debug|Any CPU
		{C47DC6B7-9B1D-4479-9509-CC75C4D8E366}.Debug.UAT|Any CPU.Build.0 = Debug|Any CPU
		{C47DC6B7-9B1D-4479-9509-CC75C4D8E366}.Debug|Any CPU.ActiveCfg = Debug|Any CPU
		{C47DC6B7-9B1D-4479-9509-CC75C4D8E366}.Debug|Any CPU.Build.0 = Debug|Any CPU
		{C47DC6B7-9B1D-4479-9509-CC75C4D8E366}.Release|Any CPU.ActiveCfg = Release|Any CPU
		{C47DC6B7-9B1D-4479-9509-CC75C4D8E366}.Release|Any CPU.Build.0 = Release|Any CPU
		{F5E2CA67-7440-44CD-BCAF-8F4068699663}.Debug.QA|Any CPU.ActiveCfg = Debug|Any CPU
		{F5E2CA67-7440-44CD-BCAF-8F4068699663}.Debug.QA|Any CPU.Build.0 = Debug|Any CPU
		{F5E2CA67-7440-44CD-BCAF-8F4068699663}.Debug.SIT|Any CPU.ActiveCfg = Debug|Any CPU
		{F5E2CA67-7440-44CD-BCAF-8F4068699663}.Debug.SIT|Any CPU.Build.0 = Debug|Any CPU
		{F5E2CA67-7440-44CD-BCAF-8F4068699663}.Debug.UAT|Any CPU.ActiveCfg = Debug|Any CPU
		{F5E2CA67-7440-44CD-BCAF-8F4068699663}.Debug.UAT|Any CPU.Build.0 = Debug|Any CPU
		{F5E2CA67-7440-44CD-BCAF-8F4068699663}.Debug|Any CPU.ActiveCfg = Debug|Any CPU
		{F5E2CA67-7440-44CD-BCAF-8F4068699663}.Debug|Any CPU.Build.0 = Debug|Any CPU
		{F5E2CA67-7440-44CD-BCAF-8F4068699663}.Release|Any CPU.ActiveCfg = Release|Any CPU
		{F5E2CA67-7440-44CD-BCAF-8F4068699663}.Release|Any CPU.Build.0 = Release|Any CPU
		{82788099-841A-4A82-8800-3F0D15326BCA}.Debug.QA|Any CPU.ActiveCfg = Debug|Any CPU
		{82788099-841A-4A82-8800-3F0D15326BCA}.Debug.QA|Any CPU.Build.0 = Debug|Any CPU
		{82788099-841A-4A82-8800-3F0D15326BCA}.Debug.SIT|Any CPU.ActiveCfg = Debug|Any CPU
		{82788099-841A-4A82-8800-3F0D15326BCA}.Debug.SIT|Any CPU.Build.0 = Debug|Any CPU
		{82788099-841A-4A82-8800-3F0D15326BCA}.Debug.UAT|Any CPU.ActiveCfg = Debug|Any CPU
		{82788099-841A-4A82-8800-3F0D15326BCA}.Debug.UAT|Any CPU.Build.0 = Debug|Any CPU
		{82788099-841A-4A82-8800-3F0D15326BCA}.Debug|Any CPU.ActiveCfg = Debug|Any CPU
		{82788099-841A-4A82-8800-3F0D15326BCA}.Debug|Any CPU.Build.0 = Debug|Any CPU
		{82788099-841A-4A82-8800-3F0D15326BCA}.Release|Any CPU.ActiveCfg = Release|Any CPU
		{82788099-841A-4A82-8800-3F0D15326BCA}.Release|Any CPU.Build.0 = Release|Any CPU
		{FF7F2721-761F-4D37-8E82-E434168DE720}.Debug.QA|Any CPU.ActiveCfg = Debug|Any CPU
		{FF7F2721-761F-4D37-8E82-E434168DE720}.Debug.QA|Any CPU.Build.0 = Debug|Any CPU
		{FF7F2721-761F-4D37-8E82-E434168DE720}.Debug.SIT|Any CPU.ActiveCfg = Debug|Any CPU
		{FF7F2721-761F-4D37-8E82-E434168DE720}.Debug.SIT|Any CPU.Build.0 = Debug|Any CPU
		{FF7F2721-761F-4D37-8E82-E434168DE720}.Debug.UAT|Any CPU.ActiveCfg = Debug|Any CPU
		{FF7F2721-761F-4D37-8E82-E434168DE720}.Debug.UAT|Any CPU.Build.0 = Debug|Any CPU
		{FF7F2721-761F-4D37-8E82-E434168DE720}.Debug|Any CPU.ActiveCfg = Debug|Any CPU
		{FF7F2721-761F-4D37-8E82-E434168DE720}.Debug|Any CPU.Build.0 = Debug|Any CPU
		{FF7F2721-761F-4D37-8E82-E434168DE720}.Release|Any CPU.ActiveCfg = Release|Any CPU
		{FF7F2721-761F-4D37-8E82-E434168DE720}.Release|Any CPU.Build.0 = Release|Any CPU
		{B6D2823A-5D87-44C4-9D13-8A83F2E5AD48}.Debug.QA|Any CPU.ActiveCfg = Debug|Any CPU
		{B6D2823A-5D87-44C4-9D13-8A83F2E5AD48}.Debug.QA|Any CPU.Build.0 = Debug|Any CPU
		{B6D2823A-5D87-44C4-9D13-8A83F2E5AD48}.Debug.SIT|Any CPU.ActiveCfg = Debug|Any CPU
		{B6D2823A-5D87-44C4-9D13-8A83F2E5AD48}.Debug.SIT|Any CPU.Build.0 = Debug|Any CPU
		{B6D2823A-5D87-44C4-9D13-8A83F2E5AD48}.Debug.UAT|Any CPU.ActiveCfg = Debug|Any CPU
		{B6D2823A-5D87-44C4-9D13-8A83F2E5AD48}.Debug.UAT|Any CPU.Build.0 = Debug|Any CPU
		{B6D2823A-5D87-44C4-9D13-8A83F2E5AD48}.Debug|Any CPU.ActiveCfg = Debug|Any CPU
		{B6D2823A-5D87-44C4-9D13-8A83F2E5AD48}.Debug|Any CPU.Build.0 = Debug|Any CPU
		{B6D2823A-5D87-44C4-9D13-8A83F2E5AD48}.Release|Any CPU.ActiveCfg = Release|Any CPU
		{B6D2823A-5D87-44C4-9D13-8A83F2E5AD48}.Release|Any CPU.Build.0 = Release|Any CPU
		{C4E05B84-023E-4957-AFCC-136038784894}.Debug.QA|Any CPU.ActiveCfg = Debug|Any CPU
		{C4E05B84-023E-4957-AFCC-136038784894}.Debug.QA|Any CPU.Build.0 = Debug|Any CPU
		{C4E05B84-023E-4957-AFCC-136038784894}.Debug.SIT|Any CPU.ActiveCfg = Debug|Any CPU
		{C4E05B84-023E-4957-AFCC-136038784894}.Debug.SIT|Any CPU.Build.0 = Debug|Any CPU
		{C4E05B84-023E-4957-AFCC-136038784894}.Debug.UAT|Any CPU.ActiveCfg = Debug|Any CPU
		{C4E05B84-023E-4957-AFCC-136038784894}.Debug.UAT|Any CPU.Build.0 = Debug|Any CPU
		{C4E05B84-023E-4957-AFCC-136038784894}.Debug|Any CPU.ActiveCfg = Debug|Any CPU
		{C4E05B84-023E-4957-AFCC-136038784894}.Debug|Any CPU.Build.0 = Debug|Any CPU
		{C4E05B84-023E-4957-AFCC-136038784894}.Release|Any CPU.ActiveCfg = Release|Any CPU
		{C4E05B84-023E-4957-AFCC-136038784894}.Release|Any CPU.Build.0 = Release|Any CPU
		{6522DDB9-1A12-4EC6-A2EC-6959FAC5B1D3}.Debug.QA|Any CPU.ActiveCfg = Debug|Any CPU
		{6522DDB9-1A12-4EC6-A2EC-6959FAC5B1D3}.Debug.QA|Any CPU.Build.0 = Debug|Any CPU
		{6522DDB9-1A12-4EC6-A2EC-6959FAC5B1D3}.Debug.SIT|Any CPU.ActiveCfg = Debug|Any CPU
		{6522DDB9-1A12-4EC6-A2EC-6959FAC5B1D3}.Debug.SIT|Any CPU.Build.0 = Debug|Any CPU
		{6522DDB9-1A12-4EC6-A2EC-6959FAC5B1D3}.Debug.UAT|Any CPU.ActiveCfg = Debug|Any CPU
		{6522DDB9-1A12-4EC6-A2EC-6959FAC5B1D3}.Debug.UAT|Any CPU.Build.0 = Debug|Any CPU
		{6522DDB9-1A12-4EC6-A2EC-6959FAC5B1D3}.Debug|Any CPU.ActiveCfg = Debug|Any CPU
		{6522DDB9-1A12-4EC6-A2EC-6959FAC5B1D3}.Debug|Any CPU.Build.0 = Debug|Any CPU
		{6522DDB9-1A12-4EC6-A2EC-6959FAC5B1D3}.Release|Any CPU.ActiveCfg = Release|Any CPU
		{6522DDB9-1A12-4EC6-A2EC-6959FAC5B1D3}.Release|Any CPU.Build.0 = Release|Any CPU
		{08FA268F-8AFF-4502-B975-E961AF57FC66}.Debug.QA|Any CPU.ActiveCfg = Debug|Any CPU
		{08FA268F-8AFF-4502-B975-E961AF57FC66}.Debug.QA|Any CPU.Build.0 = Debug|Any CPU
		{08FA268F-8AFF-4502-B975-E961AF57FC66}.Debug.SIT|Any CPU.ActiveCfg = Debug|Any CPU
		{08FA268F-8AFF-4502-B975-E961AF57FC66}.Debug.SIT|Any CPU.Build.0 = Debug|Any CPU
		{08FA268F-8AFF-4502-B975-E961AF57FC66}.Debug.UAT|Any CPU.ActiveCfg = Debug|Any CPU
		{08FA268F-8AFF-4502-B975-E961AF57FC66}.Debug.UAT|Any CPU.Build.0 = Debug|Any CPU
		{08FA268F-8AFF-4502-B975-E961AF57FC66}.Debug|Any CPU.ActiveCfg = Debug|Any CPU
		{08FA268F-8AFF-4502-B975-E961AF57FC66}.Debug|Any CPU.Build.0 = Debug|Any CPU
		{08FA268F-8AFF-4502-B975-E961AF57FC66}.Release|Any CPU.ActiveCfg = Release|Any CPU
		{08FA268F-8AFF-4502-B975-E961AF57FC66}.Release|Any CPU.Build.0 = Release|Any CPU
		{A1099D06-6C3F-4EB8-8097-709B178E6B32}.Debug.QA|Any CPU.ActiveCfg = Debug|Any CPU
		{A1099D06-6C3F-4EB8-8097-709B178E6B32}.Debug.QA|Any CPU.Build.0 = Debug|Any CPU
		{A1099D06-6C3F-4EB8-8097-709B178E6B32}.Debug.SIT|Any CPU.ActiveCfg = Debug|Any CPU
		{A1099D06-6C3F-4EB8-8097-709B178E6B32}.Debug.SIT|Any CPU.Build.0 = Debug|Any CPU
		{A1099D06-6C3F-4EB8-8097-709B178E6B32}.Debug.UAT|Any CPU.ActiveCfg = Debug|Any CPU
		{A1099D06-6C3F-4EB8-8097-709B178E6B32}.Debug.UAT|Any CPU.Build.0 = Debug|Any CPU
		{A1099D06-6C3F-4EB8-8097-709B178E6B32}.Debug|Any CPU.ActiveCfg = Debug|Any CPU
		{A1099D06-6C3F-4EB8-8097-709B178E6B32}.Debug|Any CPU.Build.0 = Debug|Any CPU
		{A1099D06-6C3F-4EB8-8097-709B178E6B32}.Release|Any CPU.ActiveCfg = Release|Any CPU
		{A1099D06-6C3F-4EB8-8097-709B178E6B32}.Release|Any CPU.Build.0 = Release|Any CPU
		{0068E8CD-518F-4EF2-90A0-04AD40E80D53}.Debug.QA|Any CPU.ActiveCfg = Debug|Any CPU
		{0068E8CD-518F-4EF2-90A0-04AD40E80D53}.Debug.QA|Any CPU.Build.0 = Debug|Any CPU
		{0068E8CD-518F-4EF2-90A0-04AD40E80D53}.Debug.SIT|Any CPU.ActiveCfg = Debug|Any CPU
		{0068E8CD-518F-4EF2-90A0-04AD40E80D53}.Debug.SIT|Any CPU.Build.0 = Debug|Any CPU
		{0068E8CD-518F-4EF2-90A0-04AD40E80D53}.Debug.UAT|Any CPU.ActiveCfg = Debug|Any CPU
		{0068E8CD-518F-4EF2-90A0-04AD40E80D53}.Debug.UAT|Any CPU.Build.0 = Debug|Any CPU
		{0068E8CD-518F-4EF2-90A0-04AD40E80D53}.Debug|Any CPU.ActiveCfg = Debug|Any CPU
		{0068E8CD-518F-4EF2-90A0-04AD40E80D53}.Debug|Any CPU.Build.0 = Debug|Any CPU
		{0068E8CD-518F-4EF2-90A0-04AD40E80D53}.Release|Any CPU.ActiveCfg = Release|Any CPU
		{0068E8CD-518F-4EF2-90A0-04AD40E80D53}.Release|Any CPU.Build.0 = Release|Any CPU
		{0827CC3B-9117-4CF4-8700-60662B1A3874}.Debug.QA|Any CPU.ActiveCfg = Debug|Any CPU
		{0827CC3B-9117-4CF4-8700-60662B1A3874}.Debug.QA|Any CPU.Build.0 = Debug|Any CPU
		{0827CC3B-9117-4CF4-8700-60662B1A3874}.Debug.SIT|Any CPU.ActiveCfg = Debug|Any CPU
		{0827CC3B-9117-4CF4-8700-60662B1A3874}.Debug.SIT|Any CPU.Build.0 = Debug|Any CPU
		{0827CC3B-9117-4CF4-8700-60662B1A3874}.Debug.UAT|Any CPU.ActiveCfg = Debug|Any CPU
		{0827CC3B-9117-4CF4-8700-60662B1A3874}.Debug.UAT|Any CPU.Build.0 = Debug|Any CPU
		{0827CC3B-9117-4CF4-8700-60662B1A3874}.Debug|Any CPU.ActiveCfg = Debug|Any CPU
		{0827CC3B-9117-4CF4-8700-60662B1A3874}.Debug|Any CPU.Build.0 = Debug|Any CPU
		{0827CC3B-9117-4CF4-8700-60662B1A3874}.Release|Any CPU.ActiveCfg = Release|Any CPU
		{0827CC3B-9117-4CF4-8700-60662B1A3874}.Release|Any CPU.Build.0 = Release|Any CPU
		{EC36D345-D48C-4C32-A29E-89D330683AD2}.Debug.QA|Any CPU.ActiveCfg = Debug|Any CPU
		{EC36D345-D48C-4C32-A29E-89D330683AD2}.Debug.QA|Any CPU.Build.0 = Debug|Any CPU
		{EC36D345-D48C-4C32-A29E-89D330683AD2}.Debug.SIT|Any CPU.ActiveCfg = Debug|Any CPU
		{EC36D345-D48C-4C32-A29E-89D330683AD2}.Debug.SIT|Any CPU.Build.0 = Debug|Any CPU
		{EC36D345-D48C-4C32-A29E-89D330683AD2}.Debug.UAT|Any CPU.ActiveCfg = Debug|Any CPU
		{EC36D345-D48C-4C32-A29E-89D330683AD2}.Debug.UAT|Any CPU.Build.0 = Debug|Any CPU
		{EC36D345-D48C-4C32-A29E-89D330683AD2}.Debug|Any CPU.ActiveCfg = Debug|Any CPU
		{EC36D345-D48C-4C32-A29E-89D330683AD2}.Debug|Any CPU.Build.0 = Debug|Any CPU
		{EC36D345-D48C-4C32-A29E-89D330683AD2}.Release|Any CPU.ActiveCfg = Release|Any CPU
		{EC36D345-D48C-4C32-A29E-89D330683AD2}.Release|Any CPU.Build.0 = Release|Any CPU
		{56F5C281-CEF2-4066-9E48-BC6FDFC001AF}.Debug.QA|Any CPU.ActiveCfg = Debug|Any CPU
		{56F5C281-CEF2-4066-9E48-BC6FDFC001AF}.Debug.QA|Any CPU.Build.0 = Debug|Any CPU
		{56F5C281-CEF2-4066-9E48-BC6FDFC001AF}.Debug.SIT|Any CPU.ActiveCfg = Debug|Any CPU
		{56F5C281-CEF2-4066-9E48-BC6FDFC001AF}.Debug.SIT|Any CPU.Build.0 = Debug|Any CPU
		{56F5C281-CEF2-4066-9E48-BC6FDFC001AF}.Debug.UAT|Any CPU.ActiveCfg = Debug|Any CPU
		{56F5C281-CEF2-4066-9E48-BC6FDFC001AF}.Debug.UAT|Any CPU.Build.0 = Debug|Any CPU
		{56F5C281-CEF2-4066-9E48-BC6FDFC001AF}.Debug|Any CPU.ActiveCfg = Debug|Any CPU
		{56F5C281-CEF2-4066-9E48-BC6FDFC001AF}.Debug|Any CPU.Build.0 = Debug|Any CPU
		{56F5C281-CEF2-4066-9E48-BC6FDFC001AF}.Release|Any CPU.ActiveCfg = Release|Any CPU
		{56F5C281-CEF2-4066-9E48-BC6FDFC001AF}.Release|Any CPU.Build.0 = Release|Any CPU
		{A5ABAC91-9AAB-4A87-BB25-46761C4CE1ED}.Debug.QA|Any CPU.ActiveCfg = Debug|Any CPU
		{A5ABAC91-9AAB-4A87-BB25-46761C4CE1ED}.Debug.QA|Any CPU.Build.0 = Debug|Any CPU
		{A5ABAC91-9AAB-4A87-BB25-46761C4CE1ED}.Debug.SIT|Any CPU.ActiveCfg = Debug|Any CPU
		{A5ABAC91-9AAB-4A87-BB25-46761C4CE1ED}.Debug.SIT|Any CPU.Build.0 = Debug|Any CPU
		{A5ABAC91-9AAB-4A87-BB25-46761C4CE1ED}.Debug.UAT|Any CPU.ActiveCfg = Debug|Any CPU
		{A5ABAC91-9AAB-4A87-BB25-46761C4CE1ED}.Debug.UAT|Any CPU.Build.0 = Debug|Any CPU
		{A5ABAC91-9AAB-4A87-BB25-46761C4CE1ED}.Debug|Any CPU.ActiveCfg = Debug|Any CPU
		{A5ABAC91-9AAB-4A87-BB25-46761C4CE1ED}.Debug|Any CPU.Build.0 = Debug|Any CPU
		{A5ABAC91-9AAB-4A87-BB25-46761C4CE1ED}.Release|Any CPU.ActiveCfg = Release|Any CPU
		{A5ABAC91-9AAB-4A87-BB25-46761C4CE1ED}.Release|Any CPU.Build.0 = Release|Any CPU
		{AE291BE8-07CB-4830-82D4-83DEED0CC208}.Debug.QA|Any CPU.ActiveCfg = Debug|Any CPU
		{AE291BE8-07CB-4830-82D4-83DEED0CC208}.Debug.QA|Any CPU.Build.0 = Debug|Any CPU
		{AE291BE8-07CB-4830-82D4-83DEED0CC208}.Debug.SIT|Any CPU.ActiveCfg = Debug|Any CPU
		{AE291BE8-07CB-4830-82D4-83DEED0CC208}.Debug.SIT|Any CPU.Build.0 = Debug|Any CPU
		{AE291BE8-07CB-4830-82D4-83DEED0CC208}.Debug.UAT|Any CPU.ActiveCfg = Debug|Any CPU
		{AE291BE8-07CB-4830-82D4-83DEED0CC208}.Debug.UAT|Any CPU.Build.0 = Debug|Any CPU
		{AE291BE8-07CB-4830-82D4-83DEED0CC208}.Debug|Any CPU.ActiveCfg = Debug|Any CPU
		{AE291BE8-07CB-4830-82D4-83DEED0CC208}.Debug|Any CPU.Build.0 = Debug|Any CPU
		{AE291BE8-07CB-4830-82D4-83DEED0CC208}.Release|Any CPU.ActiveCfg = Release|Any CPU
		{AE291BE8-07CB-4830-82D4-83DEED0CC208}.Release|Any CPU.Build.0 = Release|Any CPU
	EndGlobalSection
	GlobalSection(SolutionProperties) = preSolution
		HideSolutionNode = FALSE
	EndGlobalSection
	GlobalSection(NestedProjects) = preSolution
		{000CF3F2-33B0-4563-AAD9-41A27C7353D1} = {81482A14-B186-4D5A-8218-9E9F8CE0571B}
		{81C8EC3B-B030-4A57-BB0F-0F52F099A3CA} = {81482A14-B186-4D5A-8218-9E9F8CE0571B}
		{87C5641C-4830-44E9-890B-5D9F79E0F304} = {FE2BB4C0-AF58-4A2F-9E5E-000272783FBC}
		{A5802672-F8CB-490F-8566-02BFB616A0A3} = {FE2BB4C0-AF58-4A2F-9E5E-000272783FBC}
		{CD54B361-F8A1-414B-89AA-43C89D3DC7CA} = {81482A14-B186-4D5A-8218-9E9F8CE0571B}
		{8E9FB737-CA04-4821-BC89-AE4FCBCA3E2F} = {81482A14-B186-4D5A-8218-9E9F8CE0571B}
		{8DA717D8-8D26-4A89-954B-D7489FA73565} = {FE2BB4C0-AF58-4A2F-9E5E-000272783FBC}
		{2F83688E-BF17-4E7A-9EE2-222F6136FBBC} = {FE2BB4C0-AF58-4A2F-9E5E-000272783FBC}
		{C65C12F1-105B-4A63-86E2-2B1A760C7726} = {C8FFE55D-70CF-43EB-B883-0392B897D9AF}
		{05EF90B7-8B67-48B6-9FD8-E3BB39296807} = {81482A14-B186-4D5A-8218-9E9F8CE0571B}
		{C47DC6B7-9B1D-4479-9509-CC75C4D8E366} = {81482A14-B186-4D5A-8218-9E9F8CE0571B}
		{F5E2CA67-7440-44CD-BCAF-8F4068699663} = {81482A14-B186-4D5A-8218-9E9F8CE0571B}
		{82788099-841A-4A82-8800-3F0D15326BCA} = {81482A14-B186-4D5A-8218-9E9F8CE0571B}
		{FF7F2721-761F-4D37-8E82-E434168DE720} = {FE2BB4C0-AF58-4A2F-9E5E-000272783FBC}
		{B6D2823A-5D87-44C4-9D13-8A83F2E5AD48} = {AE043799-7F2E-4DA1-BBE4-6C0D399B9D67}
		{C4E05B84-023E-4957-AFCC-136038784894} = {AE043799-7F2E-4DA1-BBE4-6C0D399B9D67}
		{6522DDB9-1A12-4EC6-A2EC-6959FAC5B1D3} = {C8FFE55D-70CF-43EB-B883-0392B897D9AF}
		{08FA268F-8AFF-4502-B975-E961AF57FC66} = {C8FFE55D-70CF-43EB-B883-0392B897D9AF}
		{A1099D06-6C3F-4EB8-8097-709B178E6B32} = {FE2BB4C0-AF58-4A2F-9E5E-000272783FBC}
		{0068E8CD-518F-4EF2-90A0-04AD40E80D53} = {FE2BB4C0-AF58-4A2F-9E5E-000272783FBC}
		{0827CC3B-9117-4CF4-8700-60662B1A3874} = {FE2BB4C0-AF58-4A2F-9E5E-000272783FBC}
		{EC36D345-D48C-4C32-A29E-89D330683AD2} = {C8FFE55D-70CF-43EB-B883-0392B897D9AF}
		{56F5C281-CEF2-4066-9E48-BC6FDFC001AF} = {C8FFE55D-70CF-43EB-B883-0392B897D9AF}
		{A5ABAC91-9AAB-4A87-BB25-46761C4CE1ED} = {C8FFE55D-70CF-43EB-B883-0392B897D9AF}
		{AE291BE8-07CB-4830-82D4-83DEED0CC208} = {E7755362-B92C-440F-BB54-192B11B6CCA3}
	EndGlobalSection
	GlobalSection(ExtensibilityGlobals) = postSolution
		SolutionGuid = {3A3446CB-EFBA-44B1-BCD8-046C44BEF11E}
		EnterpriseLibraryConfigurationToolBinariesPathV6 = packages\EnterpriseLibrary.Common.6.0.1304.0\lib\NET45;packages\EnterpriseLibrary.Logging.6.0.1304.0\lib\NET45
	EndGlobalSection
EndGlobal
